
Microsoft Visual Studio Solution File, Format Version 12.00
# Visual Studio Version 16
VisualStudioVersion = 16.0.31005.135
MinimumVisualStudioVersion = 10.0.40219.1
Project("{FAE04EC0-301F-11D3-BF4B-00C04F79EFBC}") = "Doubler", "Doubler\Doubler.csproj", "{81804B79-C55E-4557-B81E-042F8A024937}"
EndProject
Global
	GlobalSection(SolutionConfigurationPlatforms) = preSolution
		Debug|Any CPU = Debug|Any CPU
		Release|Any CPU = Release|Any CPU
	EndGlobalSection
	GlobalSection(ProjectConfigurationPlatforms) = postSolution
		{81804B79-C55E-4557-B81E-042F8A024937}.Debug|Any CPU.ActiveCfg = Debug|Any CPU
		{81804B79-C55E-4557-B81E-042F8A024937}.Debug|Any CPU.Build.0 = Debug|Any CPU
		{81804B79-C55E-4557-B81E-042F8A024937}.Release|Any CPU.ActiveCfg = Release|Any CPU
		{81804B79-C55E-4557-B81E-042F8A024937}.Release|Any CPU.Build.0 = Release|Any CPU
	EndGlobalSection
	GlobalSection(SolutionProperties) = preSolution
		HideSolutionNode = FALSE
	EndGlobalSection
	GlobalSection(ExtensibilityGlobals) = postSolution
		SolutionGuid = {F86C700A-83F1-45AD-AB24-7CDC6A679D06}
	EndGlobalSection
EndGlobal
